
Microsoft Visual Studio Solution File, Format Version 12.00
# Visual Studio Version 17
VisualStudioVersion = 17.14.36804.6
MinimumVisualStudioVersion = 10.0.40219.1
Project("{FAE04EC0-301F-11D3-BF4B-00C04F79EFBC}") = "01Day_HelloWorld", "ConsoleApp1\01Day_HelloWorld.csproj", "{310978BD-E998-42EA-8AA1-38B488204CF6}"
EndProject
Project("{FAE04EC0-301F-11D3-BF4B-00C04F79EFBC}") = "01Day_Core", "01Day_Core\01Day_Core.csproj", "{AA2A858A-D01C-4235-959F-20549FD66DCE}"
EndProject
Project("{FAE04EC0-301F-11D3-BF4B-00C04F79EFBC}") = "01Day_PrimeNo", "01Day_PrimeNo\01Day_PrimeNo.csproj", "{A2761D92-1575-42A5-B3C3-51CCBCF8B73F}"
EndProject
Project("{FAE04EC0-301F-11D3-BF4B-00C04F79EFBC}") = "01Day_Pattern", "01Day_Pattern\01Day_Pattern.csproj", "{FD71E82F-4183-44A8-9300-4FDDC2910D13}"
EndProject
Project("{FAE04EC0-301F-11D3-BF4B-00C04F79EFBC}") = "02Day_DataTypes", "02_DataTypes\02Day_DataTypes.csproj", "{6EB81D81-82D1-42D7-8EBE-14601B790DCB}"
EndProject
Project("{FAE04EC0-301F-11D3-BF4B-00C04F79EFBC}") = "02Day_Inheritence", "02Day_Inheritence\02Day_Inheritence.csproj", "{640F151B-CD3F-4072-92BE-F1667545171F}"
EndProject
Project("{FAE04EC0-301F-11D3-BF4B-00C04F79EFBC}") = "02Day_Inheritance1", "02Day_Inheritance1\02Day_Inheritance1.csproj", "{97ECFDDA-F506-4D1B-8A0C-16791C70491A}"
EndProject
Project("{FAE04EC0-301F-11D3-BF4B-00C04F79EFBC}") = "02Day_inheritence2", "02day_inheritence2\02Day_inheritence2.csproj", "{4E54B65D-BC40-4435-9393-D4233817A7B6}"
EndProject
Project("{FAE04EC0-301F-11D3-BF4B-00C04F79EFBC}") = "02Day_OOP_inheritence", "02_DayOOP_inheritence\02Day_OOP_inheritence.csproj", "{C659C228-8C5E-4944-BC85-4A900CA1BBD7}"
EndProject
Project("{FAE04EC0-301F-11D3-BF4B-00C04F79EFBC}") = "02Day_DataBase_Inheritence", "02Day_DataBase_Inheritence\02Day_DataBase_Inheritence.csproj", "{9B596FA5-C514-4AE4-98A5-AB261BA45FCC}"
EndProject
Project("{FAE04EC0-301F-11D3-BF4B-00C04F79EFBC}") = "03Day_Report", "03Day_Report\03Day_Report.csproj", "{E24521E9-1F2B-4BC3-B079-A0937DE8987F}"
EndProject
Project("{FAE04EC0-301F-11D3-BF4B-00C04F79EFBC}") = "03Day_Logger", "03Day_Logger\03Day_Logger.csproj", "{EE19FA3D-31B8-46CA-801E-67767FAA790E}"
EndProject
Project("{FAE04EC0-301F-11D3-BF4B-00C04F79EFBC}") = "03Day_Sealed", "03Day_Sealed\03Day_Sealed.csproj", "{F335E1BF-D8EE-4FD5-ACC0-1140FFA571E2}"
EndProject
Project("{FAE04EC0-301F-11D3-BF4B-00C04F79EFBC}") = "03Day_Notepad", "03Day_Notepad\03Day_Notepad.csproj", "{FA9E2701-A4AD-4CEF-9947-DC87FC4A16B7}"
EndProject
Project("{FAE04EC0-301F-11D3-BF4B-00C04F79EFBC}") = "04Day_Properties", "04Day_Properties\04Day_Properties.csproj", "{CD65705D-9AA3-45BE-8A85-9CB9A1BC1081}"
EndProject
Project("{FAE04EC0-301F-11D3-BF4B-00C04F79EFBC}") = "04Day_Delegates", "04Day_Delegates\04Day_Delegates.csproj", "{1EE9C028-2B97-4647-84A0-B409908CBC21}"
EndProject
Project("{FAE04EC0-301F-11D3-BF4B-00C04F79EFBC}") = "CMathh", "CMathh\CMathh.csproj", "{5C6B4A6A-6036-483E-8547-7A4C0ED8073E}"
EndProject
Project("{FAE04EC0-301F-11D3-BF4B-00C04F79EFBC}") = "CMathClient", "CMathClient\CMathClient.csproj", "{274A0D0A-364D-4D23-8735-01C60BAE5993}"
EndProject
Project("{FAE04EC0-301F-11D3-BF4B-00C04F79EFBC}") = "04Day_Event&Deligators", "04Day_Event&Deligators\04Day_Event&Deligators.csproj", "{19EF14DD-F4B1-4491-81F4-DE3BA42E82A0}"
EndProject
Project("{FAE04EC0-301F-11D3-BF4B-00C04F79EFBC}") = "04Day_MulticastDelegator", "04Day_MulticastDelegator\04Day_MulticastDelegator.csproj", "{85A5BB41-55F0-4AA6-A496-C5D14B5B799A}"
EndProject
Project("{FAE04EC0-301F-11D3-BF4B-00C04F79EFBC}") = "05Day_ObserverPattern", "05Day_ObserverPattern\05Day_ObserverPattern.csproj", "{3757DBC9-3E6D-4FD8-8DBA-857C9ACEFD3F}"
EndProject
Project("{FAE04EC0-301F-11D3-BF4B-00C04F79EFBC}") = "05Day_Collection", "05Day_Collection\05Day_Collection.csproj", "{F9F005F6-9E2B-420F-81E6-57F6913B3F6D}"
EndProject
Project("{FAE04EC0-301F-11D3-BF4B-00C04F79EFBC}") = "05Day_Generic", "05Day_Generic\05Day_Generic.csproj", "{7CEB1C04-F0D1-4AD5-8381-3425C6438908}"
EndProject
Project("{FAE04EC0-301F-11D3-BF4B-00C04F79EFBC}") = "05Day_GenericCollection", "05Day_GenericCollection\05Day_GenericCollection.csproj", "{72F53730-7F37-4234-91D6-11AA7C82912F}"
EndProject
Project("{FAE04EC0-301F-11D3-BF4B-00C04F79EFBC}") = "06Day_FileIO", "06Day_FileIO\06Day_FileIO.csproj", "{13916A3D-D81E-4B81-AD5F-4D01773ACDF9}"
EndProject
Project("{FAE04EC0-301F-11D3-BF4B-00C04F79EFBC}") = "06Day_BinarySerialization", "06Day_BinarySerialization\06Day_BinarySerialization.csproj", "{0B9961C6-44CF-44BA-A095-9E6BB2792015}"
EndProject
Project("{FAE04EC0-301F-11D3-BF4B-00C04F79EFBC}") = "06Day_Serialization", "06Day_Serialization\06Day_Serialization.csproj", "{05BAFA26-6F65-4E85-95BB-78C6CF15303B}"
EndProject
Project("{FAE04EC0-301F-11D3-BF4B-00C04F79EFBC}") = "06Day_Reflection", "06Day_Reflection\06Day_Reflection.csproj", "{4A05F504-15C3-4F70-A2E1-AA33F8943CAC}"
EndProject
Project("{FAE04EC0-301F-11D3-BF4B-00C04F79EFBC}") = "06Day_CMath", "06Day_CMath\06Day_CMath.csproj", "{5F891C3C-4037-4B4E-B573-AD5FF27BDBE9}"
EndProject
Project("{FAE04EC0-301F-11D3-BF4B-00C04F79EFBC}") = "07Day_PartialClass", "07Day_PartialClass\07Day_PartialClass.csproj", "{3B4D4AF0-0FA2-4FCC-885F-77C46822DC22}"
EndProject
Project("{FAE04EC0-301F-11D3-BF4B-00C04F79EFBC}") = "07Day_MyORM", "07Day_MyORM\07Day_MyORM.csproj", "{6D84DD78-CE86-4D88-82D3-C590A17B3E95}"
EndProject
Project("{FAE04EC0-301F-11D3-BF4B-00C04F79EFBC}") = "07Day_EmpLib", "07Day_LyLib\07Day_EmpLib.csproj", "{FA553BB2-EC99-43D1-A772-317CF3EBF68D}"
EndProject
Project("{FAE04EC0-301F-11D3-BF4B-00C04F79EFBC}") = "07Day_BVSAttribute", "07Day_BVSAttribute\07Day_BVSAttribute.csproj", "{C44E1402-3801-49EC-AEC8-591EFE8C3955}"
EndProject
Project("{FAE04EC0-301F-11D3-BF4B-00C04F79EFBC}") = "07Day_CustomAttribute", "07Day_CustomAttribute\07Day_CustomAttribute.csproj", "{6A126F95-A3E7-45C2-8BE2-D0C108C5E49E}"
EndProject
Project("{FAE04EC0-301F-11D3-BF4B-00C04F79EFBC}") = "07Day_MyApplication", "07Day_MyApplication\07Day_MyApplication.csproj", "{B7108489-2FF7-4A1C-A93F-4E7244974280}"
EndProject
Project("{FAE04EC0-301F-11D3-BF4B-00C04F79EFBC}") = "08Day_C#Demo", "08Day_C#Demo\08Day_C#Demo.csproj", "{701DCC37-D38A-4E97-8F27-CA0312C1BCEF}"
EndProject
Project("{FAE04EC0-301F-11D3-BF4B-00C04F79EFBC}") = "08Day_LinQ1", "08Day_LinQ1\08Day_LinQ1.csproj", "{7A0A844B-A128-4679-B67A-549346524997}"
EndProject
Project("{FAE04EC0-301F-11D3-BF4B-00C04F79EFBC}") = "08Day_LinQ2", "08Day_LinQ2\08Day_LinQ2.csproj", "{997DD099-2B98-4479-9DEB-EDBD80EA143B}"
EndProject
Project("{FAE04EC0-301F-11D3-BF4B-00C04F79EFBC}") = "08Day_Linq3", "08Day_Linq3\08Day_Linq3.csproj", "{575DC022-9228-4F0F-852C-A0A0A52BD327}"
EndProject
Global
	GlobalSection(SolutionConfigurationPlatforms) = preSolution
		Debug|Any CPU = Debug|Any CPU
		Release|Any CPU = Release|Any CPU
	EndGlobalSection
	GlobalSection(ProjectConfigurationPlatforms) = postSolution
		{310978BD-E998-42EA-8AA1-38B488204CF6}.Debug|Any CPU.ActiveCfg = Debug|Any CPU
		{310978BD-E998-42EA-8AA1-38B488204CF6}.Debug|Any CPU.Build.0 = Debug|Any CPU
		{310978BD-E998-42EA-8AA1-38B488204CF6}.Release|Any CPU.ActiveCfg = Release|Any CPU
		{310978BD-E998-42EA-8AA1-38B488204CF6}.Release|Any CPU.Build.0 = Release|Any CPU
		{AA2A858A-D01C-4235-959F-20549FD66DCE}.Debug|Any CPU.ActiveCfg = Debug|Any CPU
		{AA2A858A-D01C-4235-959F-20549FD66DCE}.Debug|Any CPU.Build.0 = Debug|Any CPU
		{AA2A858A-D01C-4235-959F-20549FD66DCE}.Release|Any CPU.ActiveCfg = Release|Any CPU
		{AA2A858A-D01C-4235-959F-20549FD66DCE}.Release|Any CPU.Build.0 = Release|Any CPU
		{A2761D92-1575-42A5-B3C3-51CCBCF8B73F}.Debug|Any CPU.ActiveCfg = Debug|Any CPU
		{A2761D92-1575-42A5-B3C3-51CCBCF8B73F}.Debug|Any CPU.Build.0 = Debug|Any CPU
		{A2761D92-1575-42A5-B3C3-51CCBCF8B73F}.Release|Any CPU.ActiveCfg = Release|Any CPU
		{A2761D92-1575-42A5-B3C3-51CCBCF8B73F}.Release|Any CPU.Build.0 = Release|Any CPU
		{FD71E82F-4183-44A8-9300-4FDDC2910D13}.Debug|Any CPU.ActiveCfg = Debug|Any CPU
		{FD71E82F-4183-44A8-9300-4FDDC2910D13}.Debug|Any CPU.Build.0 = Debug|Any CPU
		{FD71E82F-4183-44A8-9300-4FDDC2910D13}.Release|Any CPU.ActiveCfg = Release|Any CPU
		{FD71E82F-4183-44A8-9300-4FDDC2910D13}.Release|Any CPU.Build.0 = Release|Any CPU
		{6EB81D81-82D1-42D7-8EBE-14601B790DCB}.Debug|Any CPU.ActiveCfg = Debug|Any CPU
		{6EB81D81-82D1-42D7-8EBE-14601B790DCB}.Debug|Any CPU.Build.0 = Debug|Any CPU
		{6EB81D81-82D1-42D7-8EBE-14601B790DCB}.Release|Any CPU.ActiveCfg = Release|Any CPU
		{6EB81D81-82D1-42D7-8EBE-14601B790DCB}.Release|Any CPU.Build.0 = Release|Any CPU
		{640F151B-CD3F-4072-92BE-F1667545171F}.Debug|Any CPU.ActiveCfg = Debug|Any CPU
		{640F151B-CD3F-4072-92BE-F1667545171F}.Debug|Any CPU.Build.0 = Debug|Any CPU
		{640F151B-CD3F-4072-92BE-F1667545171F}.Release|Any CPU.ActiveCfg = Release|Any CPU
		{640F151B-CD3F-4072-92BE-F1667545171F}.Release|Any CPU.Build.0 = Release|Any CPU
		{97ECFDDA-F506-4D1B-8A0C-16791C70491A}.Debug|Any CPU.ActiveCfg = Debug|Any CPU
		{97ECFDDA-F506-4D1B-8A0C-16791C70491A}.Debug|Any CPU.Build.0 = Debug|Any CPU
		{97ECFDDA-F506-4D1B-8A0C-16791C70491A}.Release|Any CPU.ActiveCfg = Release|Any CPU
		{97ECFDDA-F506-4D1B-8A0C-16791C70491A}.Release|Any CPU.Build.0 = Release|Any CPU
		{4E54B65D-BC40-4435-9393-D4233817A7B6}.Debug|Any CPU.ActiveCfg = Debug|Any CPU
		{4E54B65D-BC40-4435-9393-D4233817A7B6}.Debug|Any CPU.Build.0 = Debug|Any CPU
		{4E54B65D-BC40-4435-9393-D4233817A7B6}.Release|Any CPU.ActiveCfg = Release|Any CPU
		{4E54B65D-BC40-4435-9393-D4233817A7B6}.Release|Any CPU.Build.0 = Release|Any CPU
		{C659C228-8C5E-4944-BC85-4A900CA1BBD7}.Debug|Any CPU.ActiveCfg = Debug|Any CPU
		{C659C228-8C5E-4944-BC85-4A900CA1BBD7}.Debug|Any CPU.Build.0 = Debug|Any CPU
		{C659C228-8C5E-4944-BC85-4A900CA1BBD7}.Release|Any CPU.ActiveCfg = Release|Any CPU
		{C659C228-8C5E-4944-BC85-4A900CA1BBD7}.Release|Any CPU.Build.0 = Release|Any CPU
		{9B596FA5-C514-4AE4-98A5-AB261BA45FCC}.Debug|Any CPU.ActiveCfg = Debug|Any CPU
		{9B596FA5-C514-4AE4-98A5-AB261BA45FCC}.Debug|Any CPU.Build.0 = Debug|Any CPU
		{9B596FA5-C514-4AE4-98A5-AB261BA45FCC}.Release|Any CPU.ActiveCfg = Release|Any CPU
		{9B596FA5-C514-4AE4-98A5-AB261BA45FCC}.Release|Any CPU.Build.0 = Release|Any CPU
		{E24521E9-1F2B-4BC3-B079-A0937DE8987F}.Debug|Any CPU.ActiveCfg = Debug|Any CPU
		{E24521E9-1F2B-4BC3-B079-A0937DE8987F}.Debug|Any CPU.Build.0 = Debug|Any CPU
		{E24521E9-1F2B-4BC3-B079-A0937DE8987F}.Release|Any CPU.ActiveCfg = Release|Any CPU
		{E24521E9-1F2B-4BC3-B079-A0937DE8987F}.Release|Any CPU.Build.0 = Release|Any CPU
		{EE19FA3D-31B8-46CA-801E-67767FAA790E}.Debug|Any CPU.ActiveCfg = Debug|Any CPU
		{EE19FA3D-31B8-46CA-801E-67767FAA790E}.Debug|Any CPU.Build.0 = Debug|Any CPU
		{EE19FA3D-31B8-46CA-801E-67767FAA790E}.Release|Any CPU.ActiveCfg = Release|Any CPU
		{EE19FA3D-31B8-46CA-801E-67767FAA790E}.Release|Any CPU.Build.0 = Release|Any CPU
		{F335E1BF-D8EE-4FD5-ACC0-1140FFA571E2}.Debug|Any CPU.ActiveCfg = Debug|Any CPU
		{F335E1BF-D8EE-4FD5-ACC0-1140FFA571E2}.Debug|Any CPU.Build.0 = Debug|Any CPU
		{F335E1BF-D8EE-4FD5-ACC0-1140FFA571E2}.Release|Any CPU.ActiveCfg = Release|Any CPU
		{F335E1BF-D8EE-4FD5-ACC0-1140FFA571E2}.Release|Any CPU.Build.0 = Release|Any CPU
		{FA9E2701-A4AD-4CEF-9947-DC87FC4A16B7}.Debug|Any CPU.ActiveCfg = Debug|Any CPU
		{FA9E2701-A4AD-4CEF-9947-DC87FC4A16B7}.Debug|Any CPU.Build.0 = Debug|Any CPU
		{FA9E2701-A4AD-4CEF-9947-DC87FC4A16B7}.Release|Any CPU.ActiveCfg = Release|Any CPU
		{FA9E2701-A4AD-4CEF-9947-DC87FC4A16B7}.Release|Any CPU.Build.0 = Release|Any CPU
		{CD65705D-9AA3-45BE-8A85-9CB9A1BC1081}.Debug|Any CPU.ActiveCfg = Debug|Any CPU
		{CD65705D-9AA3-45BE-8A85-9CB9A1BC1081}.Debug|Any CPU.Build.0 = Debug|Any CPU
		{CD65705D-9AA3-45BE-8A85-9CB9A1BC1081}.Release|Any CPU.ActiveCfg = Release|Any CPU
		{CD65705D-9AA3-45BE-8A85-9CB9A1BC1081}.Release|Any CPU.Build.0 = Release|Any CPU
		{1EE9C028-2B97-4647-84A0-B409908CBC21}.Debug|Any CPU.ActiveCfg = Debug|Any CPU
		{1EE9C028-2B97-4647-84A0-B409908CBC21}.Debug|Any CPU.Build.0 = Debug|Any CPU
		{1EE9C028-2B97-4647-84A0-B409908CBC21}.Release|Any CPU.ActiveCfg = Release|Any CPU
		{1EE9C028-2B97-4647-84A0-B409908CBC21}.Release|Any CPU.Build.0 = Release|Any CPU
		{5C6B4A6A-6036-483E-8547-7A4C0ED8073E}.Debug|Any CPU.ActiveCfg = Debug|Any CPU
		{5C6B4A6A-6036-483E-8547-7A4C0ED8073E}.Debug|Any CPU.Build.0 = Debug|Any CPU
		{5C6B4A6A-6036-483E-8547-7A4C0ED8073E}.Release|Any CPU.ActiveCfg = Release|Any CPU
		{5C6B4A6A-6036-483E-8547-7A4C0ED8073E}.Release|Any CPU.Build.0 = Release|Any CPU
		{274A0D0A-364D-4D23-8735-01C60BAE5993}.Debug|Any CPU.ActiveCfg = Debug|Any CPU
		{274A0D0A-364D-4D23-8735-01C60BAE5993}.Debug|Any CPU.Build.0 = Debug|Any CPU
		{274A0D0A-364D-4D23-8735-01C60BAE5993}.Release|Any CPU.ActiveCfg = Release|Any CPU
		{274A0D0A-364D-4D23-8735-01C60BAE5993}.Release|Any CPU.Build.0 = Release|Any CPU
		{19EF14DD-F4B1-4491-81F4-DE3BA42E82A0}.Debug|Any CPU.ActiveCfg = Debug|Any CPU
		{19EF14DD-F4B1-4491-81F4-DE3BA42E82A0}.Debug|Any CPU.Build.0 = Debug|Any CPU
		{19EF14DD-F4B1-4491-81F4-DE3BA42E82A0}.Release|Any CPU.ActiveCfg = Release|Any CPU
		{19EF14DD-F4B1-4491-81F4-DE3BA42E82A0}.Release|Any CPU.Build.0 = Release|Any CPU
		{85A5BB41-55F0-4AA6-A496-C5D14B5B799A}.Debug|Any CPU.ActiveCfg = Debug|Any CPU
		{85A5BB41-55F0-4AA6-A496-C5D14B5B799A}.Debug|Any CPU.Build.0 = Debug|Any CPU
		{85A5BB41-55F0-4AA6-A496-C5D14B5B799A}.Release|Any CPU.ActiveCfg = Release|Any CPU
		{85A5BB41-55F0-4AA6-A496-C5D14B5B799A}.Release|Any CPU.Build.0 = Release|Any CPU
		{3757DBC9-3E6D-4FD8-8DBA-857C9ACEFD3F}.Debug|Any CPU.ActiveCfg = Debug|Any CPU
		{3757DBC9-3E6D-4FD8-8DBA-857C9ACEFD3F}.Debug|Any CPU.Build.0 = Debug|Any CPU
		{3757DBC9-3E6D-4FD8-8DBA-857C9ACEFD3F}.Release|Any CPU.ActiveCfg = Release|Any CPU
		{3757DBC9-3E6D-4FD8-8DBA-857C9ACEFD3F}.Release|Any CPU.Build.0 = Release|Any CPU
		{F9F005F6-9E2B-420F-81E6-57F6913B3F6D}.Debug|Any CPU.ActiveCfg = Debug|Any CPU
		{F9F005F6-9E2B-420F-81E6-57F6913B3F6D}.Debug|Any CPU.Build.0 = Debug|Any CPU
		{F9F005F6-9E2B-420F-81E6-57F6913B3F6D}.Release|Any CPU.ActiveCfg = Release|Any CPU
		{F9F005F6-9E2B-420F-81E6-57F6913B3F6D}.Release|Any CPU.Build.0 = Release|Any CPU
		{7CEB1C04-F0D1-4AD5-8381-3425C6438908}.Debug|Any CPU.ActiveCfg = Debug|Any CPU
		{7CEB1C04-F0D1-4AD5-8381-3425C6438908}.Debug|Any CPU.Build.0 = Debug|Any CPU
		{7CEB1C04-F0D1-4AD5-8381-3425C6438908}.Release|Any CPU.ActiveCfg = Release|Any CPU
		{7CEB1C04-F0D1-4AD5-8381-3425C6438908}.Release|Any CPU.Build.0 = Release|Any CPU
		{72F53730-7F37-4234-91D6-11AA7C82912F}.Debug|Any CPU.ActiveCfg = Debug|Any CPU
		{72F53730-7F37-4234-91D6-11AA7C82912F}.Debug|Any CPU.Build.0 = Debug|Any CPU
		{72F53730-7F37-4234-91D6-11AA7C82912F}.Release|Any CPU.ActiveCfg = Release|Any CPU
		{72F53730-7F37-4234-91D6-11AA7C82912F}.Release|Any CPU.Build.0 = Release|Any CPU
		{13916A3D-D81E-4B81-AD5F-4D01773ACDF9}.Debug|Any CPU.ActiveCfg = Debug|Any CPU
		{13916A3D-D81E-4B81-AD5F-4D01773ACDF9}.Debug|Any CPU.Build.0 = Debug|Any CPU
		{13916A3D-D81E-4B81-AD5F-4D01773ACDF9}.Release|Any CPU.ActiveCfg = Release|Any CPU
		{13916A3D-D81E-4B81-AD5F-4D01773ACDF9}.Release|Any CPU.Build.0 = Release|Any CPU
		{0B9961C6-44CF-44BA-A095-9E6BB2792015}.Debug|Any CPU.ActiveCfg = Debug|Any CPU
		{0B9961C6-44CF-44BA-A095-9E6BB2792015}.Debug|Any CPU.Build.0 = Debug|Any CPU
		{0B9961C6-44CF-44BA-A095-9E6BB2792015}.Release|Any CPU.ActiveCfg = Release|Any CPU
		{0B9961C6-44CF-44BA-A095-9E6BB2792015}.Release|Any CPU.Build.0 = Release|Any CPU
		{05BAFA26-6F65-4E85-95BB-78C6CF15303B}.Debug|Any CPU.ActiveCfg = Debug|Any CPU
		{05BAFA26-6F65-4E85-95BB-78C6CF15303B}.Debug|Any CPU.Build.0 = Debug|Any CPU
		{05BAFA26-6F65-4E85-95BB-78C6CF15303B}.Release|Any CPU.ActiveCfg = Release|Any CPU
		{05BAFA26-6F65-4E85-95BB-78C6CF15303B}.Release|Any CPU.Build.0 = Release|Any CPU
		{4A05F504-15C3-4F70-A2E1-AA33F8943CAC}.Debug|Any CPU.ActiveCfg = Debug|Any CPU
		{4A05F504-15C3-4F70-A2E1-AA33F8943CAC}.Debug|Any CPU.Build.0 = Debug|Any CPU
		{4A05F504-15C3-4F70-A2E1-AA33F8943CAC}.Release|Any CPU.ActiveCfg = Release|Any CPU
		{4A05F504-15C3-4F70-A2E1-AA33F8943CAC}.Release|Any CPU.Build.0 = Release|Any CPU
		{5F891C3C-4037-4B4E-B573-AD5FF27BDBE9}.Debug|Any CPU.ActiveCfg = Debug|Any CPU
		{5F891C3C-4037-4B4E-B573-AD5FF27BDBE9}.Debug|Any CPU.Build.0 = Debug|Any CPU
		{5F891C3C-4037-4B4E-B573-AD5FF27BDBE9}.Release|Any CPU.ActiveCfg = Release|Any CPU
		{5F891C3C-4037-4B4E-B573-AD5FF27BDBE9}.Release|Any CPU.Build.0 = Release|Any CPU
		{3B4D4AF0-0FA2-4FCC-885F-77C46822DC22}.Debug|Any CPU.ActiveCfg = Debug|Any CPU
		{3B4D4AF0-0FA2-4FCC-885F-77C46822DC22}.Debug|Any CPU.Build.0 = Debug|Any CPU
		{3B4D4AF0-0FA2-4FCC-885F-77C46822DC22}.Release|Any CPU.ActiveCfg = Release|Any CPU
		{3B4D4AF0-0FA2-4FCC-885F-77C46822DC22}.Release|Any CPU.Build.0 = Release|Any CPU
		{6D84DD78-CE86-4D88-82D3-C590A17B3E95}.Debug|Any CPU.ActiveCfg = Debug|Any CPU
		{6D84DD78-CE86-4D88-82D3-C590A17B3E95}.Debug|Any CPU.Build.0 = Debug|Any CPU
		{6D84DD78-CE86-4D88-82D3-C590A17B3E95}.Release|Any CPU.ActiveCfg = Release|Any CPU
		{6D84DD78-CE86-4D88-82D3-C590A17B3E95}.Release|Any CPU.Build.0 = Release|Any CPU
		{FA553BB2-EC99-43D1-A772-317CF3EBF68D}.Debug|Any CPU.ActiveCfg = Debug|Any CPU
		{FA553BB2-EC99-43D1-A772-317CF3EBF68D}.Debug|Any CPU.Build.0 = Debug|Any CPU
		{FA553BB2-EC99-43D1-A772-317CF3EBF68D}.Release|Any CPU.ActiveCfg = Release|Any CPU
		{FA553BB2-EC99-43D1-A772-317CF3EBF68D}.Release|Any CPU.Build.0 = Release|Any CPU
		{C44E1402-3801-49EC-AEC8-591EFE8C3955}.Debug|Any CPU.ActiveCfg = Debug|Any CPU
		{C44E1402-3801-49EC-AEC8-591EFE8C3955}.Debug|Any CPU.Build.0 = Debug|Any CPU
		{C44E1402-3801-49EC-AEC8-591EFE8C3955}.Release|Any CPU.ActiveCfg = Release|Any CPU
		{C44E1402-3801-49EC-AEC8-591EFE8C3955}.Release|Any CPU.Build.0 = Release|Any CPU
		{6A126F95-A3E7-45C2-8BE2-D0C108C5E49E}.Debug|Any CPU.ActiveCfg = Debug|Any CPU
		{6A126F95-A3E7-45C2-8BE2-D0C108C5E49E}.Debug|Any CPU.Build.0 = Debug|Any CPU
		{6A126F95-A3E7-45C2-8BE2-D0C108C5E49E}.Release|Any CPU.ActiveCfg = Release|Any CPU
		{6A126F95-A3E7-45C2-8BE2-D0C108C5E49E}.Release|Any CPU.Build.0 = Release|Any CPU
		{B7108489-2FF7-4A1C-A93F-4E7244974280}.Debug|Any CPU.ActiveCfg = Debug|Any CPU
		{B7108489-2FF7-4A1C-A93F-4E7244974280}.Debug|Any CPU.Build.0 = Debug|Any CPU
		{B7108489-2FF7-4A1C-A93F-4E7244974280}.Release|Any CPU.ActiveCfg = Release|Any CPU
		{B7108489-2FF7-4A1C-A93F-4E7244974280}.Release|Any CPU.Build.0 = Release|Any CPU
		{701DCC37-D38A-4E97-8F27-CA0312C1BCEF}.Debug|Any CPU.ActiveCfg = Debug|Any CPU
		{701DCC37-D38A-4E97-8F27-CA0312C1BCEF}.Debug|Any CPU.Build.0 = Debug|Any CPU
		{701DCC37-D38A-4E97-8F27-CA0312C1BCEF}.Release|Any CPU.ActiveCfg = Release|Any CPU
		{701DCC37-D38A-4E97-8F27-CA0312C1BCEF}.Release|Any CPU.Build.0 = Release|Any CPU
		{7A0A844B-A128-4679-B67A-549346524997}.Debug|Any CPU.ActiveCfg = Debug|Any CPU
		{7A0A844B-A128-4679-B67A-549346524997}.Debug|Any CPU.Build.0 = Debug|Any CPU
		{7A0A844B-A128-4679-B67A-549346524997}.Release|Any CPU.ActiveCfg = Release|Any CPU
		{7A0A844B-A128-4679-B67A-549346524997}.Release|Any CPU.Build.0 = Release|Any CPU
		{997DD099-2B98-4479-9DEB-EDBD80EA143B}.Debug|Any CPU.ActiveCfg = Debug|Any CPU
		{997DD099-2B98-4479-9DEB-EDBD80EA143B}.Debug|Any CPU.Build.0 = Debug|Any CPU
		{997DD099-2B98-4479-9DEB-EDBD80EA143B}.Release|Any CPU.ActiveCfg = Release|Any CPU
		{997DD099-2B98-4479-9DEB-EDBD80EA143B}.Release|Any CPU.Build.0 = Release|Any CPU
		{575DC022-9228-4F0F-852C-A0A0A52BD327}.Debug|Any CPU.ActiveCfg = Debug|Any CPU
		{575DC022-9228-4F0F-852C-A0A0A52BD327}.Debug|Any CPU.Build.0 = Debug|Any CPU
		{575DC022-9228-4F0F-852C-A0A0A52BD327}.Release|Any CPU.ActiveCfg = Release|Any CPU
		{575DC022-9228-4F0F-852C-A0A0A52BD327}.Release|Any CPU.Build.0 = Release|Any CPU
	EndGlobalSection
	GlobalSection(SolutionProperties) = preSolution
		HideSolutionNode = FALSE
	EndGlobalSection
	GlobalSection(ExtensibilityGlobals) = postSolution
		SolutionGuid = {7CD9CA65-9FFA-4D7E-A753-AB7F21791B53}
	EndGlobalSection
EndGlobal
