
Microsoft Visual Studio Solution File, Format Version 12.00
# Visual Studio Version 17
VisualStudioVersion = 17.14.36804.6
MinimumVisualStudioVersion = 10.0.40219.1
Project("{FAE04EC0-301F-11D3-BF4B-00C04F79EFBC}") = "01Day_HelloWorld", "ConsoleApp1\01Day_HelloWorld.csproj", "{310978BD-E998-42EA-8AA1-38B488204CF6}"
EndProject
Project("{FAE04EC0-301F-11D3-BF4B-00C04F79EFBC}") = "01Day_Core", "01Day_Core\01Day_Core.csproj", "{AA2A858A-D01C-4235-959F-20549FD66DCE}"
EndProject
Project("{FAE04EC0-301F-11D3-BF4B-00C04F79EFBC}") = "01Day_PrimeNo", "01Day_PrimeNo\01Day_PrimeNo.csproj", "{A2761D92-1575-42A5-B3C3-51CCBCF8B73F}"
EndProject
Project("{FAE04EC0-301F-11D3-BF4B-00C04F79EFBC}") = "01Day_Pattern", "01Day_Pattern\01Day_Pattern.csproj", "{FD71E82F-4183-44A8-9300-4FDDC2910D13}"
EndProject
Project("{FAE04EC0-301F-11D3-BF4B-00C04F79EFBC}") = "02Day_DataTypes", "02_DataTypes\02Day_DataTypes.csproj", "{6EB81D81-82D1-42D7-8EBE-14601B790DCB}"
EndProject
Project("{FAE04EC0-301F-11D3-BF4B-00C04F79EFBC}") = "02Day_Inheritence", "02Day_Inheritence\02Day_Inheritence.csproj", "{640F151B-CD3F-4072-92BE-F1667545171F}"
EndProject
Project("{FAE04EC0-301F-11D3-BF4B-00C04F79EFBC}") = "02Day_Inheritance1", "02Day_Inheritance1\02Day_Inheritance1.csproj", "{97ECFDDA-F506-4D1B-8A0C-16791C70491A}"
EndProject
Project("{FAE04EC0-301F-11D3-BF4B-00C04F79EFBC}") = "02Day_inheritence2", "02day_inheritence2\02Day_inheritence2.csproj", "{4E54B65D-BC40-4435-9393-D4233817A7B6}"
EndProject
Project("{FAE04EC0-301F-11D3-BF4B-00C04F79EFBC}") = "02Day_OOP_inheritence", "02_DayOOP_inheritence\02Day_OOP_inheritence.csproj", "{C659C228-8C5E-4944-BC85-4A900CA1BBD7}"
EndProject
Project("{FAE04EC0-301F-11D3-BF4B-00C04F79EFBC}") = "02Day_DataBase_Inheritence", "02Day_DataBase_Inheritence\02Day_DataBase_Inheritence.csproj", "{9B596FA5-C514-4AE4-98A5-AB261BA45FCC}"
EndProject
Project("{FAE04EC0-301F-11D3-BF4B-00C04F79EFBC}") = "03Day_Report", "03Day_Report\03Day_Report.csproj", "{E24521E9-1F2B-4BC3-B079-A0937DE8987F}"
EndProject
Project("{FAE04EC0-301F-11D3-BF4B-00C04F79EFBC}") = "03Day_Logger", "03Day_Logger\03Day_Logger.csproj", "{EE19FA3D-31B8-46CA-801E-67767FAA790E}"
EndProject
Project("{FAE04EC0-301F-11D3-BF4B-00C04F79EFBC}") = "03Day_Sealed", "03Day_Sealed\03Day_Sealed.csproj", "{F335E1BF-D8EE-4FD5-ACC0-1140FFA571E2}"
EndProject
Project("{FAE04EC0-301F-11D3-BF4B-00C04F79EFBC}") = "03Day_Notepad", "03Day_Notepad\03Day_Notepad.csproj", "{FA9E2701-A4AD-4CEF-9947-DC87FC4A16B7}"
EndProject
Project("{FAE04EC0-301F-11D3-BF4B-00C04F79EFBC}") = "04Day_Properties", "04Day_Properties\04Day_Properties.csproj", "{CD65705D-9AA3-45BE-8A85-9CB9A1BC1081}"
EndProject
Project("{FAE04EC0-301F-11D3-BF4B-00C04F79EFBC}") = "04Day_Delegates", "04Day_Delegates\04Day_Delegates.csproj", "{1EE9C028-2B97-4647-84A0-B409908CBC21}"
EndProject
Project("{FAE04EC0-301F-11D3-BF4B-00C04F79EFBC}") = "CMathh", "CMathh\CMathh.csproj", "{5C6B4A6A-6036-483E-8547-7A4C0ED8073E}"
EndProject
Project("{FAE04EC0-301F-11D3-BF4B-00C04F79EFBC}") = "CMathClient", "CMathClient\CMathClient.csproj", "{274A0D0A-364D-4D23-8735-01C60BAE5993}"
EndProject
Project("{FAE04EC0-301F-11D3-BF4B-00C04F79EFBC}") = "04Day_Event&Deligators", "04Day_Event&Deligators\04Day_Event&Deligators.csproj", "{19EF14DD-F4B1-4491-81F4-DE3BA42E82A0}"
EndProject
Global
	GlobalSection(SolutionConfigurationPlatforms) = preSolution
		Debug|Any CPU = Debug|Any CPU
		Release|Any CPU = Release|Any CPU
	EndGlobalSection
	GlobalSection(ProjectConfigurationPlatforms) = postSolution
		{310978BD-E998-42EA-8AA1-38B488204CF6}.Debug|Any CPU.ActiveCfg = Debug|Any CPU
		{310978BD-E998-42EA-8AA1-38B488204CF6}.Debug|Any CPU.Build.0 = Debug|Any CPU
		{310978BD-E998-42EA-8AA1-38B488204CF6}.Release|Any CPU.ActiveCfg = Release|Any CPU
		{310978BD-E998-42EA-8AA1-38B488204CF6}.Release|Any CPU.Build.0 = Release|Any CPU
		{AA2A858A-D01C-4235-959F-20549FD66DCE}.Debug|Any CPU.ActiveCfg = Debug|Any CPU
		{AA2A858A-D01C-4235-959F-20549FD66DCE}.Debug|Any CPU.Build.0 = Debug|Any CPU
		{AA2A858A-D01C-4235-959F-20549FD66DCE}.Release|Any CPU.ActiveCfg = Release|Any CPU
		{AA2A858A-D01C-4235-959F-20549FD66DCE}.Release|Any CPU.Build.0 = Release|Any CPU
		{A2761D92-1575-42A5-B3C3-51CCBCF8B73F}.Debug|Any CPU.ActiveCfg = Debug|Any CPU
		{A2761D92-1575-42A5-B3C3-51CCBCF8B73F}.Debug|Any CPU.Build.0 = Debug|Any CPU
		{A2761D92-1575-42A5-B3C3-51CCBCF8B73F}.Release|Any CPU.ActiveCfg = Release|Any CPU
		{A2761D92-1575-42A5-B3C3-51CCBCF8B73F}.Release|Any CPU.Build.0 = Release|Any CPU
		{FD71E82F-4183-44A8-9300-4FDDC2910D13}.Debug|Any CPU.ActiveCfg = Debug|Any CPU
		{FD71E82F-4183-44A8-9300-4FDDC2910D13}.Debug|Any CPU.Build.0 = Debug|Any CPU
		{FD71E82F-4183-44A8-9300-4FDDC2910D13}.Release|Any CPU.ActiveCfg = Release|Any CPU
		{FD71E82F-4183-44A8-9300-4FDDC2910D13}.Release|Any CPU.Build.0 = Release|Any CPU
		{6EB81D81-82D1-42D7-8EBE-14601B790DCB}.Debug|Any CPU.ActiveCfg = Debug|Any CPU
		{6EB81D81-82D1-42D7-8EBE-14601B790DCB}.Debug|Any CPU.Build.0 = Debug|Any CPU
		{6EB81D81-82D1-42D7-8EBE-14601B790DCB}.Release|Any CPU.ActiveCfg = Release|Any CPU
		{6EB81D81-82D1-42D7-8EBE-14601B790DCB}.Release|Any CPU.Build.0 = Release|Any CPU
		{640F151B-CD3F-4072-92BE-F1667545171F}.Debug|Any CPU.ActiveCfg = Debug|Any CPU
		{640F151B-CD3F-4072-92BE-F1667545171F}.Debug|Any CPU.Build.0 = Debug|Any CPU
		{640F151B-CD3F-4072-92BE-F1667545171F}.Release|Any CPU.ActiveCfg = Release|Any CPU
		{640F151B-CD3F-4072-92BE-F1667545171F}.Release|Any CPU.Build.0 = Release|Any CPU
		{97ECFDDA-F506-4D1B-8A0C-16791C70491A}.Debug|Any CPU.ActiveCfg = Debug|Any CPU
		{97ECFDDA-F506-4D1B-8A0C-16791C70491A}.Debug|Any CPU.Build.0 = Debug|Any CPU
		{97ECFDDA-F506-4D1B-8A0C-16791C70491A}.Release|Any CPU.ActiveCfg = Release|Any CPU
		{97ECFDDA-F506-4D1B-8A0C-16791C70491A}.Release|Any CPU.Build.0 = Release|Any CPU
		{4E54B65D-BC40-4435-9393-D4233817A7B6}.Debug|Any CPU.ActiveCfg = Debug|Any CPU
		{4E54B65D-BC40-4435-9393-D4233817A7B6}.Debug|Any CPU.Build.0 = Debug|Any CPU
		{4E54B65D-BC40-4435-9393-D4233817A7B6}.Release|Any CPU.ActiveCfg = Release|Any CPU
		{4E54B65D-BC40-4435-9393-D4233817A7B6}.Release|Any CPU.Build.0 = Release|Any CPU
		{C659C228-8C5E-4944-BC85-4A900CA1BBD7}.Debug|Any CPU.ActiveCfg = Debug|Any CPU
		{C659C228-8C5E-4944-BC85-4A900CA1BBD7}.Debug|Any CPU.Build.0 = Debug|Any CPU
		{C659C228-8C5E-4944-BC85-4A900CA1BBD7}.Release|Any CPU.ActiveCfg = Release|Any CPU
		{C659C228-8C5E-4944-BC85-4A900CA1BBD7}.Release|Any CPU.Build.0 = Release|Any CPU
		{9B596FA5-C514-4AE4-98A5-AB261BA45FCC}.Debug|Any CPU.ActiveCfg = Debug|Any CPU
		{9B596FA5-C514-4AE4-98A5-AB261BA45FCC}.Debug|Any CPU.Build.0 = Debug|Any CPU
		{9B596FA5-C514-4AE4-98A5-AB261BA45FCC}.Release|Any CPU.ActiveCfg = Release|Any CPU
		{9B596FA5-C514-4AE4-98A5-AB261BA45FCC}.Release|Any CPU.Build.0 = Release|Any CPU
		{E24521E9-1F2B-4BC3-B079-A0937DE8987F}.Debug|Any CPU.ActiveCfg = Debug|Any CPU
		{E24521E9-1F2B-4BC3-B079-A0937DE8987F}.Debug|Any CPU.Build.0 = Debug|Any CPU
		{E24521E9-1F2B-4BC3-B079-A0937DE8987F}.Release|Any CPU.ActiveCfg = Release|Any CPU
		{E24521E9-1F2B-4BC3-B079-A0937DE8987F}.Release|Any CPU.Build.0 = Release|Any CPU
		{EE19FA3D-31B8-46CA-801E-67767FAA790E}.Debug|Any CPU.ActiveCfg = Debug|Any CPU
		{EE19FA3D-31B8-46CA-801E-67767FAA790E}.Debug|Any CPU.Build.0 = Debug|Any CPU
		{EE19FA3D-31B8-46CA-801E-67767FAA790E}.Release|Any CPU.ActiveCfg = Release|Any CPU
		{EE19FA3D-31B8-46CA-801E-67767FAA790E}.Release|Any CPU.Build.0 = Release|Any CPU
		{F335E1BF-D8EE-4FD5-ACC0-1140FFA571E2}.Debug|Any CPU.ActiveCfg = Debug|Any CPU
		{F335E1BF-D8EE-4FD5-ACC0-1140FFA571E2}.Debug|Any CPU.Build.0 = Debug|Any CPU
		{F335E1BF-D8EE-4FD5-ACC0-1140FFA571E2}.Release|Any CPU.ActiveCfg = Release|Any CPU
		{F335E1BF-D8EE-4FD5-ACC0-1140FFA571E2}.Release|Any CPU.Build.0 = Release|Any CPU
		{FA9E2701-A4AD-4CEF-9947-DC87FC4A16B7}.Debug|Any CPU.ActiveCfg = Debug|Any CPU
		{FA9E2701-A4AD-4CEF-9947-DC87FC4A16B7}.Debug|Any CPU.Build.0 = Debug|Any CPU
		{FA9E2701-A4AD-4CEF-9947-DC87FC4A16B7}.Release|Any CPU.ActiveCfg = Release|Any CPU
		{FA9E2701-A4AD-4CEF-9947-DC87FC4A16B7}.Release|Any CPU.Build.0 = Release|Any CPU
		{CD65705D-9AA3-45BE-8A85-9CB9A1BC1081}.Debug|Any CPU.ActiveCfg = Debug|Any CPU
		{CD65705D-9AA3-45BE-8A85-9CB9A1BC1081}.Debug|Any CPU.Build.0 = Debug|Any CPU
		{CD65705D-9AA3-45BE-8A85-9CB9A1BC1081}.Release|Any CPU.ActiveCfg = Release|Any CPU
		{CD65705D-9AA3-45BE-8A85-9CB9A1BC1081}.Release|Any CPU.Build.0 = Release|Any CPU
		{1EE9C028-2B97-4647-84A0-B409908CBC21}.Debug|Any CPU.ActiveCfg = Debug|Any CPU
		{1EE9C028-2B97-4647-84A0-B409908CBC21}.Debug|Any CPU.Build.0 = Debug|Any CPU
		{1EE9C028-2B97-4647-84A0-B409908CBC21}.Release|Any CPU.ActiveCfg = Release|Any CPU
		{1EE9C028-2B97-4647-84A0-B409908CBC21}.Release|Any CPU.Build.0 = Release|Any CPU
		{5C6B4A6A-6036-483E-8547-7A4C0ED8073E}.Debug|Any CPU.ActiveCfg = Debug|Any CPU
		{5C6B4A6A-6036-483E-8547-7A4C0ED8073E}.Debug|Any CPU.Build.0 = Debug|Any CPU
		{5C6B4A6A-6036-483E-8547-7A4C0ED8073E}.Release|Any CPU.ActiveCfg = Release|Any CPU
		{5C6B4A6A-6036-483E-8547-7A4C0ED8073E}.Release|Any CPU.Build.0 = Release|Any CPU
		{274A0D0A-364D-4D23-8735-01C60BAE5993}.Debug|Any CPU.ActiveCfg = Debug|Any CPU
		{274A0D0A-364D-4D23-8735-01C60BAE5993}.Debug|Any CPU.Build.0 = Debug|Any CPU
		{274A0D0A-364D-4D23-8735-01C60BAE5993}.Release|Any CPU.ActiveCfg = Release|Any CPU
		{274A0D0A-364D-4D23-8735-01C60BAE5993}.Release|Any CPU.Build.0 = Release|Any CPU
		{19EF14DD-F4B1-4491-81F4-DE3BA42E82A0}.Debug|Any CPU.ActiveCfg = Debug|Any CPU
		{19EF14DD-F4B1-4491-81F4-DE3BA42E82A0}.Debug|Any CPU.Build.0 = Debug|Any CPU
		{19EF14DD-F4B1-4491-81F4-DE3BA42E82A0}.Release|Any CPU.ActiveCfg = Release|Any CPU
		{19EF14DD-F4B1-4491-81F4-DE3BA42E82A0}.Release|Any CPU.Build.0 = Release|Any CPU
	EndGlobalSection
	GlobalSection(SolutionProperties) = preSolution
		HideSolutionNode = FALSE
	EndGlobalSection
	GlobalSection(ExtensibilityGlobals) = postSolution
		SolutionGuid = {7CD9CA65-9FFA-4D7E-A753-AB7F21791B53}
	EndGlobalSection
EndGlobal
